
Microsoft Visual Studio Solution File, Format Version 12.00
# Visual Studio 14
VisualStudioVersion = 14.0.23107.0
MinimumVisualStudioVersion = 10.0.40219.1
Project("{FAE04EC0-301F-11D3-BF4B-00C04F79EFBC}") = "MyPasteWebapp", "MyPasteWebapp\MyPasteWebapp.csproj", "{38F451D4-23AB-4AB0-AFD4-7E592CFCBFDA}"
EndProject
Project("{FAE04EC0-301F-11D3-BF4B-00C04F79EFBC}") = "SuperAdmin", "SuperAdmin\SuperAdmin.csproj", "{534917C9-6030-4982-84FC-E2719B32B01E}"
EndProject
Global
	GlobalSection(SolutionConfigurationPlatforms) = preSolution
		Debug|Any CPU = Debug|Any CPU
		Release|Any CPU = Release|Any CPU
	EndGlobalSection
	GlobalSection(ProjectConfigurationPlatforms) = postSolution
		{38F451D4-23AB-4AB0-AFD4-7E592CFCBFDA}.Debug|Any CPU.ActiveCfg = Debug|Any CPU
		{38F451D4-23AB-4AB0-AFD4-7E592CFCBFDA}.Debug|Any CPU.Build.0 = Debug|Any CPU
		{38F451D4-23AB-4AB0-AFD4-7E592CFCBFDA}.Release|Any CPU.ActiveCfg = Release|Any CPU
		{38F451D4-23AB-4AB0-AFD4-7E592CFCBFDA}.Release|Any CPU.Build.0 = Release|Any CPU
		{534917C9-6030-4982-84FC-E2719B32B01E}.Debug|Any CPU.ActiveCfg = Debug|Any CPU
		{534917C9-6030-4982-84FC-E2719B32B01E}.Debug|Any CPU.Build.0 = Debug|Any CPU
		{534917C9-6030-4982-84FC-E2719B32B01E}.Release|Any CPU.ActiveCfg = Release|Any CPU
		{534917C9-6030-4982-84FC-E2719B32B01E}.Release|Any CPU.Build.0 = Release|Any CPU
	EndGlobalSection
	GlobalSection(SolutionProperties) = preSolution
		HideSolutionNode = FALSE
	EndGlobalSection
EndGlobal
